
Microsoft Visual Studio Solution File, Format Version 12.00
# Visual Studio Version 16
VisualStudioVersion = 16.0.31424.327
MinimumVisualStudioVersion = 10.0.40219.1
Project("{FAE04EC0-301F-11D3-BF4B-00C04F79EFBC}") = "Joole.Web", "Joole.Web\Joole.Web.csproj", "{0E127BB8-706E-4202-8ED2-F16A61B2ADB3}"
EndProject
Project("{FAE04EC0-301F-11D3-BF4B-00C04F79EFBC}") = "Joole.Dal", "Joole.Dal\Joole.Dal.csproj", "{9CA83F63-2644-454F-B0EF-8190F6F8675B}"
EndProject
Project("{FAE04EC0-301F-11D3-BF4B-00C04F79EFBC}") = "Joole.Repository", "Joole.Repository\Joole.Repository.csproj", "{1AA493AD-62F8-4EAE-85D2-7A265A7E75F8}"
EndProject
Project("{FAE04EC0-301F-11D3-BF4B-00C04F79EFBC}") = "Joole.Service", "Joole.Service\Joole.Service.csproj", "{508994A2-8A90-4CA3-B2F6-3B3EEFF396EA}"
EndProject
Global
	GlobalSection(SolutionConfigurationPlatforms) = preSolution
		Debug|Any CPU = Debug|Any CPU
		Release|Any CPU = Release|Any CPU
	EndGlobalSection
	GlobalSection(ProjectConfigurationPlatforms) = postSolution
		{0E127BB8-706E-4202-8ED2-F16A61B2ADB3}.Debug|Any CPU.ActiveCfg = Debug|Any CPU
		{0E127BB8-706E-4202-8ED2-F16A61B2ADB3}.Debug|Any CPU.Build.0 = Debug|Any CPU
		{0E127BB8-706E-4202-8ED2-F16A61B2ADB3}.Release|Any CPU.ActiveCfg = Release|Any CPU
		{0E127BB8-706E-4202-8ED2-F16A61B2ADB3}.Release|Any CPU.Build.0 = Release|Any CPU
		{9CA83F63-2644-454F-B0EF-8190F6F8675B}.Debug|Any CPU.ActiveCfg = Debug|Any CPU
		{9CA83F63-2644-454F-B0EF-8190F6F8675B}.Debug|Any CPU.Build.0 = Debug|Any CPU
		{9CA83F63-2644-454F-B0EF-8190F6F8675B}.Release|Any CPU.ActiveCfg = Release|Any CPU
		{9CA83F63-2644-454F-B0EF-8190F6F8675B}.Release|Any CPU.Build.0 = Release|Any CPU
		{1AA493AD-62F8-4EAE-85D2-7A265A7E75F8}.Debug|Any CPU.ActiveCfg = Debug|Any CPU
		{1AA493AD-62F8-4EAE-85D2-7A265A7E75F8}.Debug|Any CPU.Build.0 = Debug|Any CPU
		{1AA493AD-62F8-4EAE-85D2-7A265A7E75F8}.Release|Any CPU.ActiveCfg = Release|Any CPU
		{1AA493AD-62F8-4EAE-85D2-7A265A7E75F8}.Release|Any CPU.Build.0 = Release|Any CPU
		{508994A2-8A90-4CA3-B2F6-3B3EEFF396EA}.Debug|Any CPU.ActiveCfg = Debug|Any CPU
		{508994A2-8A90-4CA3-B2F6-3B3EEFF396EA}.Debug|Any CPU.Build.0 = Debug|Any CPU
		{508994A2-8A90-4CA3-B2F6-3B3EEFF396EA}.Release|Any CPU.ActiveCfg = Release|Any CPU
		{508994A2-8A90-4CA3-B2F6-3B3EEFF396EA}.Release|Any CPU.Build.0 = Release|Any CPU
	EndGlobalSection
	GlobalSection(SolutionProperties) = preSolution
		HideSolutionNode = FALSE
	EndGlobalSection
	GlobalSection(ExtensibilityGlobals) = postSolution
		SolutionGuid = {1A6FCF66-859D-40B3-8FF8-CE1B4C7D78CC}
	EndGlobalSection
EndGlobal
